Microsoft Visual Studio Solution File, Format Version 12.00
# Visual Studio Version 17
VisualStudioVersion = 17.0.31903.59
MinimumVisualStudioVersion = 10.0.40219.1
Project("{FAE04EC0-301F-11D3-BF4B-00C04F79EFBC}") = "GrupoDigitalBank.Dominio", "src\GrupoDigitalBank.Dominio\GrupoDigitalBank.Dominio.csproj", "{B64B8BBC-CB66-4F0B-8D99-CC168034AFC0}"
EndProject
Project("{FAE04EC0-301F-11D3-BF4B-00C04F79EFBC}") = "GrupoDigitalBank.Contratos", "src\GrupoDigitalBank.Contratos\GrupoDigitalBank.Contratos.csproj", "{3A3A64EF-98EB-4935-B75A-31FA0491D91B}"
EndProject
Project("{FAE04EC0-301F-11D3-BF4B-00C04F79EFBC}") = "GrupoDigitalBank.ServicioWCF", "src\GrupoDigitalBank.ServicioWCF\GrupoDigitalBank.ServicioWCF.csproj", "{C50F7566-C6BB-4112-AE0D-3B3DCD35FCF5}"
EndProject
Project("{FAE04EC0-301F-11D3-BF4B-00C04F79EFBC}") = "GrupoDigitalBank.Web", "src\GrupoDigitalBank.Web\GrupoDigitalBank.Web.csproj", "{CECCD80C-1B27-4289-B122-7FDBFFAD298E}"
EndProject
Global
	GlobalSection(SolutionConfigurationPlatforms) = preSolution
		Debug|Any CPU = Debug|Any CPU
		Release|Any CPU = Release|Any CPU
	EndGlobalSection
	GlobalSection(ProjectConfigurationPlatforms) = postSolution
		{B64B8BBC-CB66-4F0B-8D99-CC168034AFC0}.Debug|Any CPU.ActiveCfg = Debug|Any CPU
		{B64B8BBC-CB66-4F0B-8D99-CC168034AFC0}.Debug|Any CPU.Build.0 = Debug|Any CPU
		{B64B8BBC-CB66-4F0B-8D99-CC168034AFC0}.Release|Any CPU.ActiveCfg = Release|Any CPU
		{B64B8BBC-CB66-4F0B-8D99-CC168034AFC0}.Release|Any CPU.Build.0 = Release|Any CPU
		{3A3A64EF-98EB-4935-B75A-31FA0491D91B}.Debug|Any CPU.ActiveCfg = Debug|Any CPU
		{3A3A64EF-98EB-4935-B75A-31FA0491D91B}.Debug|Any CPU.Build.0 = Debug|Any CPU
		{3A3A64EF-98EB-4935-B75A-31FA0491D91B}.Release|Any CPU.ActiveCfg = Release|Any CPU
		{3A3A64EF-98EB-4935-B75A-31FA0491D91B}.Release|Any CPU.Build.0 = Release|Any CPU
		{C50F7566-C6BB-4112-AE0D-3B3DCD35FCF5}.Debug|Any CPU.ActiveCfg = Debug|Any CPU
		{C50F7566-C6BB-4112-AE0D-3B3DCD35FCF5}.Debug|Any CPU.Build.0 = Debug|Any CPU
		{C50F7566-C6BB-4112-AE0D-3B3DCD35FCF5}.Release|Any CPU.ActiveCfg = Release|Any CPU
		{C50F7566-C6BB-4112-AE0D-3B3DCD35FCF5}.Release|Any CPU.Build.0 = Release|Any CPU
		{CECCD80C-1B27-4289-B122-7FDBFFAD298E}.Debug|Any CPU.ActiveCfg = Debug|Any CPU
		{CECCD80C-1B27-4289-B122-7FDBFFAD298E}.Debug|Any CPU.Build.0 = Debug|Any CPU
		{CECCD80C-1B27-4289-B122-7FDBFFAD298E}.Release|Any CPU.ActiveCfg = Release|Any CPU
		{CECCD80C-1B27-4289-B122-7FDBFFAD298E}.Release|Any CPU.Build.0 = Release|Any CPU
	EndGlobalSection
	GlobalSection(SolutionProperties) = preSolution
		HideSolutionNode = FALSE
	EndGlobalSection
EndGlobal
